
Microsoft Visual Studio Solution File, Format Version 12.00
# Visual Studio 2012
Project("{8BC9CEB8-8B4A-11D0-8D11-00A0C91BC942}") = "Snake", "Snake\Snake.vcxproj", "{328EAB67-900E-4240-B726-55B60869E13E}"
EndProject
Project("{8BC9CEB8-8B4A-11D0-8D11-00A0C91BC942}") = "FallingRocks", "FallingRocks\FallingRocks.vcxproj", "{31865598-2A6B-45D1-996F-834CC70AE25B}"
EndProject
Project("{8BC9CEB8-8B4A-11D0-8D11-00A0C91BC942}") = "Tetris", "Tetris\Tetris.vcxproj", "{B5E21D8F-E642-4895-AC82-D3C03C85182B}"
EndProject
Project("{8BC9CEB8-8B4A-11D0-8D11-00A0C91BC942}") = "Pong", "Pong\Pong.vcxproj", "{0044E236-06EB-4A8B-8DF8-CE2327E1B158}"
EndProject
Project("{8BC9CEB8-8B4A-11D0-8D11-00A0C91BC942}") = "Asteroids", "Asteroids\Asteroids.vcxproj", "{350BF1B3-9C6C-4671-A2AE-F60CC33DD985}"
EndProject
Project("{8BC9CEB8-8B4A-11D0-8D11-00A0C91BC942}") = "Platform+Ball=DeadBlocks", "Platform+Ball=DeadBlocks\Platform+Ball=DeadBlocks.vcxproj", "{569C5469-83BD-4817-AB38-39CE5DD4438A}"
EndProject
Global
	GlobalSection(SolutionConfigurationPlatforms) = preSolution
		Debug|Win32 = Debug|Win32
		Release|Win32 = Release|Win32
	EndGlobalSection
	GlobalSection(ProjectConfigurationPlatforms) = postSolution
		{328EAB67-900E-4240-B726-55B60869E13E}.Debug|Win32.ActiveCfg = Debug|Win32
		{328EAB67-900E-4240-B726-55B60869E13E}.Debug|Win32.Build.0 = Debug|Win32
		{328EAB67-900E-4240-B726-55B60869E13E}.Release|Win32.ActiveCfg = Release|Win32
		{328EAB67-900E-4240-B726-55B60869E13E}.Release|Win32.Build.0 = Release|Win32
		{328EAB67-900E-4240-B726-55B60869E13E}.Release|Win32.Deploy.0 = Release|Win32
		{31865598-2A6B-45D1-996F-834CC70AE25B}.Debug|Win32.ActiveCfg = Debug|Win32
		{31865598-2A6B-45D1-996F-834CC70AE25B}.Debug|Win32.Build.0 = Debug|Win32
		{31865598-2A6B-45D1-996F-834CC70AE25B}.Release|Win32.ActiveCfg = Release|Win32
		{31865598-2A6B-45D1-996F-834CC70AE25B}.Release|Win32.Build.0 = Release|Win32
		{B5E21D8F-E642-4895-AC82-D3C03C85182B}.Debug|Win32.ActiveCfg = Debug|Win32
		{B5E21D8F-E642-4895-AC82-D3C03C85182B}.Debug|Win32.Build.0 = Debug|Win32
		{B5E21D8F-E642-4895-AC82-D3C03C85182B}.Debug|Win32.Deploy.0 = Debug|Win32
		{B5E21D8F-E642-4895-AC82-D3C03C85182B}.Release|Win32.ActiveCfg = Release|Win32
		{B5E21D8F-E642-4895-AC82-D3C03C85182B}.Release|Win32.Build.0 = Release|Win32
		{0044E236-06EB-4A8B-8DF8-CE2327E1B158}.Debug|Win32.ActiveCfg = Debug|Win32
		{0044E236-06EB-4A8B-8DF8-CE2327E1B158}.Debug|Win32.Build.0 = Debug|Win32
		{0044E236-06EB-4A8B-8DF8-CE2327E1B158}.Release|Win32.ActiveCfg = Release|Win32
		{0044E236-06EB-4A8B-8DF8-CE2327E1B158}.Release|Win32.Build.0 = Release|Win32
		{350BF1B3-9C6C-4671-A2AE-F60CC33DD985}.Debug|Win32.ActiveCfg = Debug|Win32
		{350BF1B3-9C6C-4671-A2AE-F60CC33DD985}.Debug|Win32.Build.0 = Debug|Win32
		{350BF1B3-9C6C-4671-A2AE-F60CC33DD985}.Release|Win32.ActiveCfg = Release|Win32
		{350BF1B3-9C6C-4671-A2AE-F60CC33DD985}.Release|Win32.Build.0 = Release|Win32
		{569C5469-83BD-4817-AB38-39CE5DD4438A}.Debug|Win32.ActiveCfg = Debug|Win32
		{569C5469-83BD-4817-AB38-39CE5DD4438A}.Debug|Win32.Build.0 = Debug|Win32
		{569C5469-83BD-4817-AB38-39CE5DD4438A}.Release|Win32.ActiveCfg = Release|Win32
		{569C5469-83BD-4817-AB38-39CE5DD4438A}.Release|Win32.Build.0 = Release|Win32
	EndGlobalSection
	GlobalSection(SolutionProperties) = preSolution
		HideSolutionNode = FALSE
	EndGlobalSection
EndGlobal
